Microsoft Visual Studio Solution File, Format Version 12.00
# Visual Studio 16
Project("{2150E333-8FDC-42A3-9474-1A3956D46DE8}") = "CMakePredefinedTargets", "CMakePredefinedTargets", "{CFB4B584-A14E-30C1-BC5E-0836DAEF735B}"
EndProject
Project("{2150E333-8FDC-42A3-9474-1A3956D46DE8}") = "GLFW3", "GLFW3", "{E05EF058-686B-3E83-ADBD-E233E8C923BB}"
EndProject
Project("{8BC9CEB8-8B4A-11D0-8D11-00A0C91BC942}") = "ALL_BUILD", "ALL_BUILD.vcxproj", "{D180C889-F26D-3A41-9882-974BD3648706}"
	ProjectSection(ProjectDependencies) = postProject
		{66F75228-BE91-3FD0-A8A3-720940253126} = {66F75228-BE91-3FD0-A8A3-720940253126}
		{4CA4011A-3DA6-3EF3-BE39-56F53BB19466} = {4CA4011A-3DA6-3EF3-BE39-56F53BB19466}
		{B6889D33-71C7-302C-AC0D-7B3BF26A0A13} = {B6889D33-71C7-302C-AC0D-7B3BF26A0A13}
		{E52D7F8E-21D8-32C2-A229-15921A7C0BDC} = {E52D7F8E-21D8-32C2-A229-15921A7C0BDC}
		{B072FA3A-E64F-3E45-9E7E-66DD7D46CC70} = {B072FA3A-E64F-3E45-9E7E-66DD7D46CC70}
		{D14B70DA-954F-3BB0-8032-4C62D65B9F14} = {D14B70DA-954F-3BB0-8032-4C62D65B9F14}
		{58E73C6E-CEA3-3E8B-9A33-DA54C6FB29B6} = {58E73C6E-CEA3-3E8B-9A33-DA54C6FB29B6}
		{3BBC4D2E-87E5-38C9-8077-55EA7996F02D} = {3BBC4D2E-87E5-38C9-8077-55EA7996F02D}
		{C709B3AB-1F58-3ECE-951F-8A3F3A4988D7} = {C709B3AB-1F58-3ECE-951F-8A3F3A4988D7}
		{56010A7D-159C-3BA1-AB41-F4A18828E47E} = {56010A7D-159C-3BA1-AB41-F4A18828E47E}
	EndProjectSection
EndProject
Project("{8BC9CEB8-8B4A-11D0-8D11-00A0C91BC942}") = "INSTALL", "INSTALL.vcxproj", "{AEDD7A2B-8405-32D3-8E91-9155AE647BD5}"
	ProjectSection(ProjectDependencies) = postProject
		{D180C889-F26D-3A41-9882-974BD3648706} = {D180C889-F26D-3A41-9882-974BD3648706}
		{B6889D33-71C7-302C-AC0D-7B3BF26A0A13} = {B6889D33-71C7-302C-AC0D-7B3BF26A0A13}
	EndProjectSection
EndProject
Project("{8BC9CEB8-8B4A-11D0-8D11-00A0C91BC942}") = "IrrXML", "thirdparty\assimp\contrib\irrXML\IrrXML.vcxproj", "{66F75228-BE91-3FD0-A8A3-720940253126}"
	ProjectSection(ProjectDependencies) = postProject
		{B6889D33-71C7-302C-AC0D-7B3BF26A0A13} = {B6889D33-71C7-302C-AC0D-7B3BF26A0A13}
	EndProjectSection
EndProject
Project("{8BC9CEB8-8B4A-11D0-8D11-00A0C91BC942}") = "OpenGLPAG", "src\OpenGLPAG.vcxproj", "{4CA4011A-3DA6-3EF3-BE39-56F53BB19466}"
	ProjectSection(ProjectDependencies) = postProject
		{66F75228-BE91-3FD0-A8A3-720940253126} = {66F75228-BE91-3FD0-A8A3-720940253126}
		{B6889D33-71C7-302C-AC0D-7B3BF26A0A13} = {B6889D33-71C7-302C-AC0D-7B3BF26A0A13}
		{E52D7F8E-21D8-32C2-A229-15921A7C0BDC} = {E52D7F8E-21D8-32C2-A229-15921A7C0BDC}
		{B072FA3A-E64F-3E45-9E7E-66DD7D46CC70} = {B072FA3A-E64F-3E45-9E7E-66DD7D46CC70}
		{D14B70DA-954F-3BB0-8032-4C62D65B9F14} = {D14B70DA-954F-3BB0-8032-4C62D65B9F14}
		{58E73C6E-CEA3-3E8B-9A33-DA54C6FB29B6} = {58E73C6E-CEA3-3E8B-9A33-DA54C6FB29B6}
		{3BBC4D2E-87E5-38C9-8077-55EA7996F02D} = {3BBC4D2E-87E5-38C9-8077-55EA7996F02D}
		{56010A7D-159C-3BA1-AB41-F4A18828E47E} = {56010A7D-159C-3BA1-AB41-F4A18828E47E}
	EndProjectSection
EndProject
Project("{8BC9CEB8-8B4A-11D0-8D11-00A0C91BC942}") = "UpdateAssimpLibsDebugSymbolsAndDLLs", "thirdparty\assimp\UpdateAssimpLibsDebugSymbolsAndDLLs.vcxproj", "{5F1EDBB6-E5E9-3DA3-8ACF-AFC2A71AC498}"
	ProjectSection(ProjectDependencies) = postProject
		{B6889D33-71C7-302C-AC0D-7B3BF26A0A13} = {B6889D33-71C7-302C-AC0D-7B3BF26A0A13}
	EndProjectSection
EndProject
Project("{8BC9CEB8-8B4A-11D0-8D11-00A0C91BC942}") = "ZERO_CHECK", "ZERO_CHECK.vcxproj", "{B6889D33-71C7-302C-AC0D-7B3BF26A0A13}"
	ProjectSection(ProjectDependencies) = postProject
	EndProjectSection
EndProject
Project("{8BC9CEB8-8B4A-11D0-8D11-00A0C91BC942}") = "assimp", "thirdparty\assimp\code\assimp.vcxproj", "{E52D7F8E-21D8-32C2-A229-15921A7C0BDC}"
	ProjectSection(ProjectDependencies) = postProject
		{66F75228-BE91-3FD0-A8A3-720940253126} = {66F75228-BE91-3FD0-A8A3-720940253126}
		{B6889D33-71C7-302C-AC0D-7B3BF26A0A13} = {B6889D33-71C7-302C-AC0D-7B3BF26A0A13}
		{56010A7D-159C-3BA1-AB41-F4A18828E47E} = {56010A7D-159C-3BA1-AB41-F4A18828E47E}
	EndProjectSection
EndProject
Project("{8BC9CEB8-8B4A-11D0-8D11-00A0C91BC942}") = "glad", "glad.vcxproj", "{B072FA3A-E64F-3E45-9E7E-66DD7D46CC70}"
	ProjectSection(ProjectDependencies) = postProject
		{B6889D33-71C7-302C-AC0D-7B3BF26A0A13} = {B6889D33-71C7-302C-AC0D-7B3BF26A0A13}
	EndProjectSection
EndProject
Project("{8BC9CEB8-8B4A-11D0-8D11-00A0C91BC942}") = "glfw", "thirdparty\glfw\src\glfw.vcxproj", "{D14B70DA-954F-3BB0-8032-4C62D65B9F14}"
	ProjectSection(ProjectDependencies) = postProject
		{B6889D33-71C7-302C-AC0D-7B3BF26A0A13} = {B6889D33-71C7-302C-AC0D-7B3BF26A0A13}
	EndProjectSection
EndProject
Project("{8BC9CEB8-8B4A-11D0-8D11-00A0C91BC942}") = "imgui", "imgui.vcxproj", "{58E73C6E-CEA3-3E8B-9A33-DA54C6FB29B6}"
	ProjectSection(ProjectDependencies) = postProject
		{B6889D33-71C7-302C-AC0D-7B3BF26A0A13} = {B6889D33-71C7-302C-AC0D-7B3BF26A0A13}
	EndProjectSection
EndProject
Project("{8BC9CEB8-8B4A-11D0-8D11-00A0C91BC942}") = "stb_image", "stb_image.vcxproj", "{3BBC4D2E-87E5-38C9-8077-55EA7996F02D}"
	ProjectSection(ProjectDependencies) = postProject
		{B6889D33-71C7-302C-AC0D-7B3BF26A0A13} = {B6889D33-71C7-302C-AC0D-7B3BF26A0A13}
	EndProjectSection
EndProject
Project("{8BC9CEB8-8B4A-11D0-8D11-00A0C91BC942}") = "uninstall", "thirdparty\assimp\uninstall.vcxproj", "{6BFADEDA-CDBD-3E84-8CFD-CFCF6D6A6D0A}"
	ProjectSection(ProjectDependencies) = postProject
		{B6889D33-71C7-302C-AC0D-7B3BF26A0A13} = {B6889D33-71C7-302C-AC0D-7B3BF26A0A13}
	EndProjectSection
EndProject
Project("{8BC9CEB8-8B4A-11D0-8D11-00A0C91BC942}") = "zlib", "thirdparty\assimp\contrib\zlib\zlib.vcxproj", "{C709B3AB-1F58-3ECE-951F-8A3F3A4988D7}"
	ProjectSection(ProjectDependencies) = postProject
		{B6889D33-71C7-302C-AC0D-7B3BF26A0A13} = {B6889D33-71C7-302C-AC0D-7B3BF26A0A13}
	EndProjectSection
EndProject
Project("{8BC9CEB8-8B4A-11D0-8D11-00A0C91BC942}") = "zlibstatic", "thirdparty\assimp\contrib\zlib\zlibstatic.vcxproj", "{56010A7D-159C-3BA1-AB41-F4A18828E47E}"
	ProjectSection(ProjectDependencies) = postProject
		{B6889D33-71C7-302C-AC0D-7B3BF26A0A13} = {B6889D33-71C7-302C-AC0D-7B3BF26A0A13}
	EndProjectSection
EndProject
Global
	GlobalSection(SolutionConfigurationPlatforms) = preSolution
		Debug|Win32 = Debug|Win32
		Release|Win32 = Release|Win32
		MinSizeRel|Win32 = MinSizeRel|Win32
		RelWithDebInfo|Win32 = RelWithDebInfo|Win32
	EndGlobalSection
	GlobalSection(ProjectConfigurationPlatforms) = postSolution
		{D180C889-F26D-3A41-9882-974BD3648706}.Debug|Win32.ActiveCfg = Debug|Win32
		{D180C889-F26D-3A41-9882-974BD3648706}.Debug|Win32.Build.0 = Debug|Win32
		{D180C889-F26D-3A41-9882-974BD3648706}.Release|Win32.ActiveCfg = Release|Win32
		{D180C889-F26D-3A41-9882-974BD3648706}.Release|Win32.Build.0 = Release|Win32
		{D180C889-F26D-3A41-9882-974BD3648706}.MinSizeRel|Win32.ActiveCfg = MinSizeRel|Win32
		{D180C889-F26D-3A41-9882-974BD3648706}.MinSizeRel|Win32.Build.0 = MinSizeRel|Win32
		{D180C889-F26D-3A41-9882-974BD3648706}.RelWithDebInfo|Win32.ActiveCfg = RelWithDebInfo|Win32
		{D180C889-F26D-3A41-9882-974BD3648706}.RelWithDebInfo|Win32.Build.0 = RelWithDebInfo|Win32
		{AEDD7A2B-8405-32D3-8E91-9155AE647BD5}.Debug|Win32.ActiveCfg = Debug|Win32
		{AEDD7A2B-8405-32D3-8E91-9155AE647BD5}.Release|Win32.ActiveCfg = Release|Win32
		{AEDD7A2B-8405-32D3-8E91-9155AE647BD5}.MinSizeRel|Win32.ActiveCfg = MinSizeRel|Win32
		{AEDD7A2B-8405-32D3-8E91-9155AE647BD5}.RelWithDebInfo|Win32.ActiveCfg = RelWithDebInfo|Win32
		{66F75228-BE91-3FD0-A8A3-720940253126}.Debug|Win32.ActiveCfg = Debug|Win32
		{66F75228-BE91-3FD0-A8A3-720940253126}.Debug|Win32.Build.0 = Debug|Win32
		{66F75228-BE91-3FD0-A8A3-720940253126}.Release|Win32.ActiveCfg = Release|Win32
		{66F75228-BE91-3FD0-A8A3-720940253126}.Release|Win32.Build.0 = Release|Win32
		{66F75228-BE91-3FD0-A8A3-720940253126}.MinSizeRel|Win32.ActiveCfg = MinSizeRel|Win32
		{66F75228-BE91-3FD0-A8A3-720940253126}.MinSizeRel|Win32.Build.0 = MinSizeRel|Win32
		{66F75228-BE91-3FD0-A8A3-720940253126}.RelWithDebInfo|Win32.ActiveCfg = RelWithDebInfo|Win32
		{66F75228-BE91-3FD0-A8A3-720940253126}.RelWithDebInfo|Win32.Build.0 = RelWithDebInfo|Win32
		{4CA4011A-3DA6-3EF3-BE39-56F53BB19466}.Debug|Win32.ActiveCfg = Debug|Win32
		{4CA4011A-3DA6-3EF3-BE39-56F53BB19466}.Debug|Win32.Build.0 = Debug|Win32
		{4CA4011A-3DA6-3EF3-BE39-56F53BB19466}.Release|Win32.ActiveCfg = Release|Win32
		{4CA4011A-3DA6-3EF3-BE39-56F53BB19466}.Release|Win32.Build.0 = Release|Win32
		{4CA4011A-3DA6-3EF3-BE39-56F53BB19466}.MinSizeRel|Win32.ActiveCfg = MinSizeRel|Win32
		{4CA4011A-3DA6-3EF3-BE39-56F53BB19466}.MinSizeRel|Win32.Build.0 = MinSizeRel|Win32
		{4CA4011A-3DA6-3EF3-BE39-56F53BB19466}.RelWithDebInfo|Win32.ActiveCfg = RelWithDebInfo|Win32
		{4CA4011A-3DA6-3EF3-BE39-56F53BB19466}.RelWithDebInfo|Win32.Build.0 = RelWithDebInfo|Win32
		{5F1EDBB6-E5E9-3DA3-8ACF-AFC2A71AC498}.Debug|Win32.ActiveCfg = Debug|Win32
		{5F1EDBB6-E5E9-3DA3-8ACF-AFC2A71AC498}.Release|Win32.ActiveCfg = Release|Win32
		{5F1EDBB6-E5E9-3DA3-8ACF-AFC2A71AC498}.MinSizeRel|Win32.ActiveCfg = MinSizeRel|Win32
		{5F1EDBB6-E5E9-3DA3-8ACF-AFC2A71AC498}.RelWithDebInfo|Win32.ActiveCfg = RelWithDebInfo|Win32
		{B6889D33-71C7-302C-AC0D-7B3BF26A0A13}.Debug|Win32.ActiveCfg = Debug|Win32
		{B6889D33-71C7-302C-AC0D-7B3BF26A0A13}.Debug|Win32.Build.0 = Debug|Win32
		{B6889D33-71C7-302C-AC0D-7B3BF26A0A13}.Release|Win32.ActiveCfg = Release|Win32
		{B6889D33-71C7-302C-AC0D-7B3BF26A0A13}.Release|Win32.Build.0 = Release|Win32
		{B6889D33-71C7-302C-AC0D-7B3BF26A0A13}.MinSizeRel|Win32.ActiveCfg = MinSizeRel|Win32
		{B6889D33-71C7-302C-AC0D-7B3BF26A0A13}.MinSizeRel|Win32.Build.0 = MinSizeRel|Win32
		{B6889D33-71C7-302C-AC0D-7B3BF26A0A13}.RelWithDebInfo|Win32.ActiveCfg = RelWithDebInfo|Win32
		{B6889D33-71C7-302C-AC0D-7B3BF26A0A13}.RelWithDebInfo|Win32.Build.0 = RelWithDebInfo|Win32
		{E52D7F8E-21D8-32C2-A229-15921A7C0BDC}.Debug|Win32.ActiveCfg = Debug|Win32
		{E52D7F8E-21D8-32C2-A229-15921A7C0BDC}.Debug|Win32.Build.0 = Debug|Win32
		{E52D7F8E-21D8-32C2-A229-15921A7C0BDC}.Release|Win32.ActiveCfg = Release|Win32
		{E52D7F8E-21D8-32C2-A229-15921A7C0BDC}.Release|Win32.Build.0 = Release|Win32
		{E52D7F8E-21D8-32C2-A229-15921A7C0BDC}.MinSizeRel|Win32.ActiveCfg = MinSizeRel|Win32
		{E52D7F8E-21D8-32C2-A229-15921A7C0BDC}.MinSizeRel|Win32.Build.0 = MinSizeRel|Win32
		{E52D7F8E-21D8-32C2-A229-15921A7C0BDC}.RelWithDebInfo|Win32.ActiveCfg = RelWithDebInfo|Win32
		{E52D7F8E-21D8-32C2-A229-15921A7C0BDC}.RelWithDebInfo|Win32.Build.0 = RelWithDebInfo|Win32
		{B072FA3A-E64F-3E45-9E7E-66DD7D46CC70}.Debug|Win32.ActiveCfg = Debug|Win32
		{B072FA3A-E64F-3E45-9E7E-66DD7D46CC70}.Debug|Win32.Build.0 = Debug|Win32
		{B072FA3A-E64F-3E45-9E7E-66DD7D46CC70}.Release|Win32.ActiveCfg = Release|Win32
		{B072FA3A-E64F-3E45-9E7E-66DD7D46CC70}.Release|Win32.Build.0 = Release|Win32
		{B072FA3A-E64F-3E45-9E7E-66DD7D46CC70}.MinSizeRel|Win32.ActiveCfg = MinSizeRel|Win32
		{B072FA3A-E64F-3E45-9E7E-66DD7D46CC70}.MinSizeRel|Win32.Build.0 = MinSizeRel|Win32
		{B072FA3A-E64F-3E45-9E7E-66DD7D46CC70}.RelWithDebInfo|Win32.ActiveCfg = RelWithDebInfo|Win32
		{B072FA3A-E64F-3E45-9E7E-66DD7D46CC70}.RelWithDebInfo|Win32.Build.0 = RelWithDebInfo|Win32
		{D14B70DA-954F-3BB0-8032-4C62D65B9F14}.Debug|Win32.ActiveCfg = Debug|Win32
		{D14B70DA-954F-3BB0-8032-4C62D65B9F14}.Debug|Win32.Build.0 = Debug|Win32
		{D14B70DA-954F-3BB0-8032-4C62D65B9F14}.Release|Win32.ActiveCfg = Release|Win32
		{D14B70DA-954F-3BB0-8032-4C62D65B9F14}.Release|Win32.Build.0 = Release|Win32
		{D14B70DA-954F-3BB0-8032-4C62D65B9F14}.MinSizeRel|Win32.ActiveCfg = MinSizeRel|Win32
		{D14B70DA-954F-3BB0-8032-4C62D65B9F14}.MinSizeRel|Win32.Build.0 = MinSizeRel|Win32
		{D14B70DA-954F-3BB0-8032-4C62D65B9F14}.RelWithDebInfo|Win32.ActiveCfg = RelWithDebInfo|Win32
		{D14B70DA-954F-3BB0-8032-4C62D65B9F14}.RelWithDebInfo|Win32.Build.0 = RelWithDebInfo|Win32
		{58E73C6E-CEA3-3E8B-9A33-DA54C6FB29B6}.Debug|Win32.ActiveCfg = Debug|Win32
		{58E73C6E-CEA3-3E8B-9A33-DA54C6FB29B6}.Debug|Win32.Build.0 = Debug|Win32
		{58E73C6E-CEA3-3E8B-9A33-DA54C6FB29B6}.Release|Win32.ActiveCfg = Release|Win32
		{58E73C6E-CEA3-3E8B-9A33-DA54C6FB29B6}.Release|Win32.Build.0 = Release|Win32
		{58E73C6E-CEA3-3E8B-9A33-DA54C6FB29B6}.MinSizeRel|Win32.ActiveCfg = MinSizeRel|Win32
		{58E73C6E-CEA3-3E8B-9A33-DA54C6FB29B6}.MinSizeRel|Win32.Build.0 = MinSizeRel|Win32
		{58E73C6E-CEA3-3E8B-9A33-DA54C6FB29B6}.RelWithDebInfo|Win32.ActiveCfg = RelWithDebInfo|Win32
		{58E73C6E-CEA3-3E8B-9A33-DA54C6FB29B6}.RelWithDebInfo|Win32.Build.0 = RelWithDebInfo|Win32
		{3BBC4D2E-87E5-38C9-8077-55EA7996F02D}.Debug|Win32.ActiveCfg = Debug|Win32
		{3BBC4D2E-87E5-38C9-8077-55EA7996F02D}.Debug|Win32.Build.0 = Debug|Win32
		{3BBC4D2E-87E5-38C9-8077-55EA7996F02D}.Release|Win32.ActiveCfg = Release|Win32
		{3BBC4D2E-87E5-38C9-8077-55EA7996F02D}.Release|Win32.Build.0 = Release|Win32
		{3BBC4D2E-87E5-38C9-8077-55EA7996F02D}.MinSizeRel|Win32.ActiveCfg = MinSizeRel|Win32
		{3BBC4D2E-87E5-38C9-8077-55EA7996F02D}.MinSizeRel|Win32.Build.0 = MinSizeRel|Win32
		{3BBC4D2E-87E5-38C9-8077-55EA7996F02D}.RelWithDebInfo|Win32.ActiveCfg = RelWithDebInfo|Win32
		{3BBC4D2E-87E5-38C9-8077-55EA7996F02D}.RelWithDebInfo|Win32.Build.0 = RelWithDebInfo|Win32
		{6BFADEDA-CDBD-3E84-8CFD-CFCF6D6A6D0A}.Debug|Win32.ActiveCfg = Debug|Win32
		{6BFADEDA-CDBD-3E84-8CFD-CFCF6D6A6D0A}.Release|Win32.ActiveCfg = Release|Win32
		{6BFADEDA-CDBD-3E84-8CFD-CFCF6D6A6D0A}.MinSizeRel|Win32.ActiveCfg = MinSizeRel|Win32
		{6BFADEDA-CDBD-3E84-8CFD-CFCF6D6A6D0A}.RelWithDebInfo|Win32.ActiveCfg = RelWithDebInfo|Win32
		{C709B3AB-1F58-3ECE-951F-8A3F3A4988D7}.Debug|Win32.ActiveCfg = Debug|Win32
		{C709B3AB-1F58-3ECE-951F-8A3F3A4988D7}.Debug|Win32.Build.0 = Debug|Win32
		{C709B3AB-1F58-3ECE-951F-8A3F3A4988D7}.Release|Win32.ActiveCfg = Release|Win32
		{C709B3AB-1F58-3ECE-951F-8A3F3A4988D7}.Release|Win32.Build.0 = Release|Win32
		{C709B3AB-1F58-3ECE-951F-8A3F3A4988D7}.MinSizeRel|Win32.ActiveCfg = MinSizeRel|Win32
		{C709B3AB-1F58-3ECE-951F-8A3F3A4988D7}.MinSizeRel|Win32.Build.0 = MinSizeRel|Win32
		{C709B3AB-1F58-3ECE-951F-8A3F3A4988D7}.RelWithDebInfo|Win32.ActiveCfg = RelWithDebInfo|Win32
		{C709B3AB-1F58-3ECE-951F-8A3F3A4988D7}.RelWithDebInfo|Win32.Build.0 = RelWithDebInfo|Win32
		{56010A7D-159C-3BA1-AB41-F4A18828E47E}.Debug|Win32.ActiveCfg = Debug|Win32
		{56010A7D-159C-3BA1-AB41-F4A18828E47E}.Debug|Win32.Build.0 = Debug|Win32
		{56010A7D-159C-3BA1-AB41-F4A18828E47E}.Release|Win32.ActiveCfg = Release|Win32
		{56010A7D-159C-3BA1-AB41-F4A18828E47E}.Release|Win32.Build.0 = Release|Win32
		{56010A7D-159C-3BA1-AB41-F4A18828E47E}.MinSizeRel|Win32.ActiveCfg = MinSizeRel|Win32
		{56010A7D-159C-3BA1-AB41-F4A18828E47E}.MinSizeRel|Win32.Build.0 = MinSizeRel|Win32
		{56010A7D-159C-3BA1-AB41-F4A18828E47E}.RelWithDebInfo|Win32.ActiveCfg = RelWithDebInfo|Win32
		{56010A7D-159C-3BA1-AB41-F4A18828E47E}.RelWithDebInfo|Win32.Build.0 = RelWithDebInfo|Win32
	EndGlobalSection
	GlobalSection(NestedProjects) = preSolution
		{D180C889-F26D-3A41-9882-974BD3648706} = {CFB4B584-A14E-30C1-BC5E-0836DAEF735B}
		{AEDD7A2B-8405-32D3-8E91-9155AE647BD5} = {CFB4B584-A14E-30C1-BC5E-0836DAEF735B}
		{B6889D33-71C7-302C-AC0D-7B3BF26A0A13} = {CFB4B584-A14E-30C1-BC5E-0836DAEF735B}
		{D14B70DA-954F-3BB0-8032-4C62D65B9F14} = {E05EF058-686B-3E83-ADBD-E233E8C923BB}
	EndGlobalSection
	GlobalSection(ExtensibilityGlobals) = postSolution
		SolutionGuid = {2B8A347E-CBAB-3E6F-9FC8-A10B7DE4B0D7}
	EndGlobalSection
	GlobalSection(ExtensibilityAddIns) = postSolution
	EndGlobalSection
EndGlobal
